schema: '2.0'
stages:
  prepare:
    cmd: python src/prepare.py
    deps:
    - path: data/raw
      md5: bc61c2dd1230bb5f1bb2cbcf9e21fe87.dir
      size: 106551216
      nfiles: 13397
    - path: src/prepare.py
      md5: ef804f358e00edcfe52c865b471f8f55
      size: 1231
    outs:
    - path: data/prepared/test.csv
      md5: 27fc63d2f91375ec1102e39f14715500
      size: 91216
    - path: data/prepared/train.csv
      md5: d24d19d695f22e4c795bc0cba7ddb212
      size: 225835
  train:
    cmd: python src/train.py
    deps:
    - path: data/prepared/train.csv
      md5: d24d19d695f22e4c795bc0cba7ddb212
      size: 225835
    - path: src/train.py
      md5: aa96d812eae8e9fbc0e1533cf817aacc
      size: 1326
    outs:
    - path: model/model.joblib
      md5: f6abc4e1df1f90d8a9aa0eaf5925d05e
      size: 241148
  evaluate:
    cmd: python src/evaluate.py
    deps:
    - path: data/prepared/test.csv
      md5: 27fc63d2f91375ec1102e39f14715500
      size: 91216
    - path: model/model.joblib
      md5: f6abc4e1df1f90d8a9aa0eaf5925d05e
      size: 241148
    - path: src/evaluate.py
      md5: b197277667d6269271fff4ae4af8a941
      size: 645
    outs:
    - path: metrics/accuracy.json
      md5: b6f63486648b31c9da18a4530cda5d41
      size: 32
